
Microsoft Visual Studio Solution File, Format Version 12.00
# Visual Studio Version 16
VisualStudioVersion = 16.0.810.16
MinimumVisualStudioVersion = 10.0.40219.1
Project("{FAE04EC0-301F-11D3-BF4B-00C04F79EFBC}") = "BankingApplication", "BankingApplication\BankingApplication.csproj", "{78F9751B-282A-4A12-A9A5-4D55A69A92D3}"
EndProject
Project("{FAE04EC0-301F-11D3-BF4B-00C04F79EFBC}") = "BankAppTest", "BankAppTest\BankAppTest.csproj", "{5C7B9661-4362-4E35-8C3A-9216ECAC4B0D}"
EndProject
Global
	GlobalSection(SolutionConfigurationPlatforms) = preSolution
		Debug|Any CPU = Debug|Any CPU
		Release|Any CPU = Release|Any CPU
	EndGlobalSection
	GlobalSection(ProjectConfigurationPlatforms) = postSolution
		{78F9751B-282A-4A12-A9A5-4D55A69A92D3}.Debug|Any CPU.ActiveCfg = Debug|Any CPU
		{78F9751B-282A-4A12-A9A5-4D55A69A92D3}.Debug|Any CPU.Build.0 = Debug|Any CPU
		{78F9751B-282A-4A12-A9A5-4D55A69A92D3}.Release|Any CPU.ActiveCfg = Release|Any CPU
		{78F9751B-282A-4A12-A9A5-4D55A69A92D3}.Release|Any CPU.Build.0 = Release|Any CPU
		{5C7B9661-4362-4E35-8C3A-9216ECAC4B0D}.Debug|Any CPU.ActiveCfg = Debug|Any CPU
		{5C7B9661-4362-4E35-8C3A-9216ECAC4B0D}.Debug|Any CPU.Build.0 = Debug|Any CPU
		{5C7B9661-4362-4E35-8C3A-9216ECAC4B0D}.Release|Any CPU.ActiveCfg = Release|Any CPU
		{5C7B9661-4362-4E35-8C3A-9216ECAC4B0D}.Release|Any CPU.Build.0 = Release|Any CPU
	EndGlobalSection
	GlobalSection(SolutionProperties) = preSolution
		HideSolutionNode = FALSE
	EndGlobalSection
	GlobalSection(ExtensibilityGlobals) = postSolution
		SolutionGuid = {4E72631D-C684-4FCC-8999-CD10E98E98A0}
	EndGlobalSection
	GlobalSection(NestedProjects) = preSolution
	EndGlobalSection
EndGlobal
